
Microsoft Visual Studio Solution File, Format Version 10.00
# Visual Studio 2008
Project("{FAE04EC0-301F-11D3-BF4B-00C04F79EFBC}") = "DataAccess", "DataAccess.csproj", "{4F668121-EECF-4739-A880-5906202A1EB1}"
EndProject
Project("{FAE04EC0-301F-11D3-BF4B-00C04F79EFBC}") = "Contract", "..\Contract\Contract.csproj", "{4DAE049E-E23F-48B9-9B05-79A04949E911}"
EndProject
Global
	GlobalSection(SourceCodeControl) = preSolution
		SccNumberOfProjects = 2
		SccProjectUniqueName0 = DataAccess.csproj
		SccProjectName0 = \u0022$/PautaPublicitaria/DataAccess\u0022,\u0020GGAAAAAA
		SccLocalPath0 = .
		SccProvider0 = MSSCCI:Microsoft\u0020Visual\u0020SourceSafe
		SccProjectUniqueName1 = ..\\Contract\\Contract.csproj
		SccProjectName1 = \u0022$/PautaPublicitaria/Contract\u0022,\u0020QEAAAAAA
		SccLocalPath1 = ..\\Contract
		SccProvider1 = MSSCCI:Microsoft\u0020Visual\u0020SourceSafe
	EndGlobalSection
	GlobalSection(SolutionConfigurationPlatforms) = preSolution
		Debug|Any CPU = Debug|Any CPU
		Release|Any CPU = Release|Any CPU
	EndGlobalSection
	GlobalSection(ProjectConfigurationPlatforms) = postSolution
		{4F668121-EECF-4739-A880-5906202A1EB1}.Debug|Any CPU.ActiveCfg = Debug|Any CPU
		{4F668121-EECF-4739-A880-5906202A1EB1}.Debug|Any CPU.Build.0 = Debug|Any CPU
		{4F668121-EECF-4739-A880-5906202A1EB1}.Release|Any CPU.ActiveCfg = Release|Any CPU
		{4F668121-EECF-4739-A880-5906202A1EB1}.Release|Any CPU.Build.0 = Release|Any CPU
		{4DAE049E-E23F-48B9-9B05-79A04949E911}.Debug|Any CPU.ActiveCfg = Debug|Any CPU
		{4DAE049E-E23F-48B9-9B05-79A04949E911}.Debug|Any CPU.Build.0 = Debug|Any CPU
		{4DAE049E-E23F-48B9-9B05-79A04949E911}.Release|Any CPU.ActiveCfg = Release|Any CPU
		{4DAE049E-E23F-48B9-9B05-79A04949E911}.Release|Any CPU.Build.0 = Release|Any CPU
	EndGlobalSection
	GlobalSection(SolutionProperties) = preSolution
		HideSolutionNode = FALSE
	EndGlobalSection
EndGlobal
